// !$*UTF8*$!
{
	archiveVersion = 1;
	classes = {
	};
	objectVersion = 46;
	objects = {

/* Begin PBXBuildFile section */
		D4B129551DD02CA80040432E /* main.m in Sources */ = {isa = PBXBuildFile; fileRef = D4B129541DD02CA80040432E /* main.m */; };
		D4B129581DD02CA80040432E /* AppDelegate.m in Sources */ = {isa = PBXBuildFile; fileRef = D4B129571DD02CA80040432E /* AppDelegate.m */; };
		D4B1295E1DD02CA80040432E /* Main.storyboard in Resources */ = {isa = PBXBuildFile; fileRef = D4B1295C1DD02CA80040432E /* Main.storyboard */; };
		D4B129611DD02CA80040432E /* HappyYoga.xcdatamodeld in Sources */ = {isa = PBXBuildFile; fileRef = D4B1295F1DD02CA80040432E /* HappyYoga.xcdatamodeld */; };
		D4B129631DD02CA80040432E /* Assets.xcassets in Resources */ = {isa = PBXBuildFile; fileRef = D4B129621DD02CA80040432E /* Assets.xcassets */; };
		D4B129661DD02CA80040432E /* LaunchScreen.storyboard in Resources */ = {isa = PBXBuildFile; fileRef = D4B129641DD02CA80040432E /* LaunchScreen.storyboard */; };
		D4B129801DD031BB0040432E /* HYMeViewController.m in Sources */ = {isa = PBXBuildFile; fileRef = D4B1297D1DD031BB0040432E /* HYMeViewController.m */; };
		D4B129811DD031BB0040432E /* me.storyboard in Resources */ = {isa = PBXBuildFile; fileRef = D4B1297E1DD031BB0040432E /* me.storyboard */; };
		D4B129861DD032180040432E /* launchImage.png in Resources */ = {isa = PBXBuildFile; fileRef = D4B129831DD032180040432E /* launchImage.png */; };
		D4B129871DD032180040432E /* launchImage@2x.png in Resources */ = {isa = PBXBuildFile; fileRef = D4B129841DD032180040432E /* launchImage@2x.png */; };
		D4B129881DD032180040432E /* launchImage@3x.png in Resources */ = {isa = PBXBuildFile; fileRef = D4B129851DD032180040432E /* launchImage@3x.png */; };
		D4B1298B1DD0333D0040432E /* HYWizardViewController.m in Sources */ = {isa = PBXBuildFile; fileRef = D4B1298A1DD0333D0040432E /* HYWizardViewController.m */; };
		D4B1298E1DD0343A0040432E /* HYLoginViewController.m in Sources */ = {isa = PBXBuildFile; fileRef = D4B1298D1DD0343A0040432E /* HYLoginViewController.m */; };
		D4B129941DD03F780040432E /* HYMainViewController.m in Sources */ = {isa = PBXBuildFile; fileRef = D4B129931DD03F780040432E /* HYMainViewController.m */; };
		D4B1299B1DD044BC0040432E /* HYGlobalParams.m in Sources */ = {isa = PBXBuildFile; fileRef = D4B1299A1DD044BC0040432E /* HYGlobalParams.m */; };
		D4B1299E1DD048D00040432E /* HYUtility.m in Sources */ = {isa = PBXBuildFile; fileRef = D4B1299D1DD048D00040432E /* HYUtility.m */; };
		D4B129A11DD050FE0040432E /* HYMainTabBarViewController.m in Sources */ = {isa = PBXBuildFile; fileRef = D4B129A01DD050FE0040432E /* HYMainTabBarViewController.m */; };
		D4B129A91DD057C60040432E /* UIView+Extension.m in Sources */ = {isa = PBXBuildFile; fileRef = D4B129A81DD057C60040432E /* UIView+Extension.m */; };
		D4B129E01DD08A340040432E /* icon@2x.png in Resources */ = {isa = PBXBuildFile; fileRef = D4B129DE1DD08A340040432E /* icon@2x.png */; };
		D4B129E11DD08A340040432E /* login_bg@2x.png in Resources */ = {isa = PBXBuildFile; fileRef = D4B129DF1DD08A340040432E /* login_bg@2x.png */; };
		D4F58C9D1DD2F17900FD1D09 /* main.storyboard in Resources */ = {isa = PBXBuildFile; fileRef = D4F58C9C1DD2F17900FD1D09 /* main.storyboard */; };
		D4F58CA01DD2F22200FD1D09 /* HYMainTableViewController.m in Sources */ = {isa = PBXBuildFile; fileRef = D4F58C9F1DD2F22200FD1D09 /* HYMainTableViewController.m */; };
		D4F58CA21DD2F23D00FD1D09 /* message.storyboard in Resources */ = {isa = PBXBuildFile; fileRef = D4F58CA11DD2F23D00FD1D09 /* message.storyboard */; };
		D4F58CA51DD2F25600FD1D09 /* HYMessageViewController.m in Sources */ = {isa = PBXBuildFile; fileRef = D4F58CA41DD2F25600FD1D09 /* HYMessageViewController.m */; };
		D4F58CB11DD2F5BA00FD1D09 /* ab_sel@2x.png in Resources */ = {isa = PBXBuildFile; fileRef = D4F58CA71DD2F5BA00FD1D09 /* ab_sel@2x.png */; };
		D4F58CB21DD2F5BA00FD1D09 /* ab_unsel@2x.png in Resources */ = {isa = PBXBuildFile; fileRef = D4F58CA81DD2F5BA00FD1D09 /* ab_unsel@2x.png */; };
		D4F58CB31DD2F5BA00FD1D09 /* call_sel@2x.png in Resources */ = {isa = PBXBuildFile; fileRef = D4F58CA91DD2F5BA00FD1D09 /* call_sel@2x.png */; };
		D4F58CB41DD2F5BA00FD1D09 /* call_unsel@2x.png in Resources */ = {isa = PBXBuildFile; fileRef = D4F58CAA1DD2F5BA00FD1D09 /* call_unsel@2x.png */; };
		D4F58CB51DD2F5BA00FD1D09 /* message_sel@2x.png in Resources */ = {isa = PBXBuildFile; fileRef = D4F58CAB1DD2F5BA00FD1D09 /* message_sel@2x.png */; };
		D4F58CB61DD2F5BA00FD1D09 /* message_unsel@2x.png in Resources */ = {isa = PBXBuildFile; fileRef = D4F58CAC1DD2F5BA00FD1D09 /* message_unsel@2x.png */; };
		D4F58CB71DD2F5BA00FD1D09 /* my_sel@2x.png in Resources */ = {isa = PBXBuildFile; fileRef = D4F58CAD1DD2F5BA00FD1D09 /* my_sel@2x.png */; };
		D4F58CB81DD2F5BA00FD1D09 /* my_unsel@2x.png in Resources */ = {isa = PBXBuildFile; fileRef = D4F58CAE1DD2F5BA00FD1D09 /* my_unsel@2x.png */; };
		D4F58CB91DD2F5BA00FD1D09 /* work_sel@2x.png in Resources */ = {isa = PBXBuildFile; fileRef = D4F58CAF1DD2F5BA00FD1D09 /* work_sel@2x.png */; };
		D4F58CBA1DD2F5BA00FD1D09 /* work_unsel@2x.png in Resources */ = {isa = PBXBuildFile; fileRef = D4F58CB01DD2F5BA00FD1D09 /* work_unsel@2x.png */; };
		D4F58CC61DD2FEEF00FD1D09 /* navbar_bg.png in Resources */ = {isa = PBXBuildFile; fileRef = D4F58CC41DD2FEEF00FD1D09 /* navbar_bg.png */; };
		D4F58CC71DD2FEEF00FD1D09 /* navbar_bg@2x.png in Resources */ = {isa = PBXBuildFile; fileRef = D4F58CC51DD2FEEF00FD1D09 /* navbar_bg@2x.png */; };
		D4F58CCA1DD3009C00FD1D09 /* work.storyboard in Resources */ = {isa = PBXBuildFile; fileRef = D4F58CC91DD3009C00FD1D09 /* work.storyboard */; };
		D4F58CD01DD313FE00FD1D09 /* HYMeIndexCell.m in Sources */ = {isa = PBXBuildFile; fileRef = D4F58CCF1DD313FE00FD1D09 /* HYMeIndexCell.m */; };
		D4F58CD81DD315CB00FD1D09 /* my_aboutus@2x.png in Resources */ = {isa = PBXBuildFile; fileRef = D4F58CD21DD315CB00FD1D09 /* my_aboutus@2x.png */; };
		D4F58CD91DD315CB00FD1D09 /* my_image@2x.png in Resources */ = {isa = PBXBuildFile; fileRef = D4F58CD31DD315CB00FD1D09 /* my_image@2x.png */; };
		D4F58CDA1DD315CB00FD1D09 /* my_notification@2x.png in Resources */ = {isa = PBXBuildFile; fileRef = D4F58CD41DD315CB00FD1D09 /* my_notification@2x.png */; };
		D4F58CDB1DD315CB00FD1D09 /* my_password@2x.png in Resources */ = {isa = PBXBuildFile; fileRef = D4F58CD51DD315CB00FD1D09 /* my_password@2x.png */; };
		D4F58CDC1DD315CB00FD1D09 /* my_version@2x.png in Resources */ = {isa = PBXBuildFile; fileRef = D4F58CD61DD315CB00FD1D09 /* my_version@2x.png */; };
		D4F58CDD1DD315CB00FD1D09 /* my_ykt@2x.png in Resources */ = {isa = PBXBuildFile; fileRef = D4F58CD71DD315CB00FD1D09 /* my_ykt@2x.png */; };
/* End PBXBuildFile section */

/* Begin PBXFileReference section */
		D4B129501DD02CA80040432E /* HappyYoga.app */ = {isa = PBXFileReference; explicitFileType = wrapper.application; includeInIndex = 0; path = HappyYoga.app; sourceTree = BUILT_PRODUCTS_DIR; };
		D4B129541DD02CA80040432E /* main.m */ = {isa = PBXFileReference; lastKnownFileType = sourcecode.c.objc; path = main.m; sourceTree = "<group>"; };
		D4B129561DD02CA80040432E /* AppDelegate.h */ = {isa = PBXFileReference; lastKnownFileType = sourcecode.c.h; path = AppDelegate.h; sourceTree = "<group>"; };
		D4B129571DD02CA80040432E /* AppDelegate.m */ = {isa = PBXFileReference; lastKnownFileType = sourcecode.c.objc; path = AppDelegate.m; sourceTree = "<group>"; };
		D4B1295D1DD02CA80040432E /* Base */ = {isa = PBXFileReference; lastKnownFileType = file.storyboard; name = Base; path = Base.lproj/Main.storyboard; sourceTree = "<group>"; };
		D4B129601DD02CA80040432E /* HappyYoga.xcdatamodel */ = {isa = PBXFileReference; lastKnownFileType = wrapper.xcdatamodel; path = HappyYoga.xcdatamodel; sourceTree = "<group>"; };
		D4B129621DD02CA80040432E /* Assets.xcassets */ = {isa = PBXFileReference; lastKnownFileType = folder.assetcatalog; path = Assets.xcassets; sourceTree = "<group>"; };
		D4B129651DD02CA80040432E /* Base */ = {isa = PBXFileReference; lastKnownFileType = file.storyboard; name = Base; path = Base.lproj/LaunchScreen.storyboard; sourceTree = "<group>"; };
		D4B129671DD02CA80040432E /* Info.plist */ = {isa = PBXFileReference; lastKnownFileType = text.plist.xml; path = Info.plist; sourceTree = "<group>"; };
		D4B1297C1DD031BB0040432E /* HYMeViewController.h */ = {isa = PBXFileReference; fileEncoding = 4; lastKnownFileType = sourcecode.c.h; path = HYMeViewController.h; sourceTree = "<group>"; };
		D4B1297D1DD031BB0040432E /* HYMeViewController.m */ = {isa = PBXFileReference; fileEncoding = 4; lastKnownFileType = sourcecode.c.objc; path = HYMeViewController.m; sourceTree = "<group>"; };
		D4B1297E1DD031BB0040432E /* me.storyboard */ = {isa = PBXFileReference; fileEncoding = 4; lastKnownFileType = file.storyboard; path = me.storyboard; sourceTree = "<group>"; };
		D4B129831DD032180040432E /* launchImage.png */ = {isa = PBXFileReference; lastKnownFileType = image.png; path = launchImage.png; sourceTree = "<group>"; };
		D4B129841DD032180040432E /* launchImage@2x.png */ = {isa = PBXFileReference; lastKnownFileType = image.png; path = "launchImage@2x.png"; sourceTree = "<group>"; };
		D4B129851DD032180040432E /* launchImage@3x.png */ = {isa = PBXFileReference; lastKnownFileType = image.png; path = "launchImage@3x.png"; sourceTree = "<group>"; };
		D4B129891DD0333D0040432E /* HYWizardViewController.h */ = {isa = PBXFileReference; fileEncoding = 4; lastKnownFileType = sourcecode.c.h; path = HYWizardViewController.h; sourceTree = "<group>"; };
		D4B1298A1DD0333D0040432E /* HYWizardViewController.m */ = {isa = PBXFileReference; fileEncoding = 4; lastKnownFileType = sourcecode.c.objc; path = HYWizardViewController.m; sourceTree = "<group>"; };
		D4B1298C1DD0343A0040432E /* HYLoginViewController.h */ = {isa = PBXFileReference; fileEncoding = 4; lastKnownFileType = sourcecode.c.h; path = HYLoginViewController.h; sourceTree = "<group>"; };
		D4B1298D1DD0343A0040432E /* HYLoginViewController.m */ = {isa = PBXFileReference; fileEncoding = 4; lastKnownFileType = sourcecode.c.objc; path = HYLoginViewController.m; sourceTree = "<group>"; };
		D4B129921DD03F780040432E /* HYMainViewController.h */ = {isa = PBXFileReference; fileEncoding = 4; lastKnownFileType = sourcecode.c.h; path = HYMainViewController.h; sourceTree = "<group>"; };
		D4B129931DD03F780040432E /* HYMainViewController.m */ = {isa = PBXFileReference; fileEncoding = 4; lastKnownFileType = sourcecode.c.objc; path = HYMainViewController.m; sourceTree = "<group>"; };
		D4B129981DD0447D0040432E /* HYGlobal.h */ = {isa = PBXFileReference; lastKnownFileType = sourcecode.c.h; path = HYGlobal.h; sourceTree = "<group>"; };
		D4B129991DD044BC0040432E /* HYGlobalParams.h */ = {isa = PBXFileReference; fileEncoding = 4; lastKnownFileType = sourcecode.c.h; path = HYGlobalParams.h; sourceTree = "<group>"; };
		D4B1299A1DD044BC0040432E /* HYGlobalParams.m */ = {isa = PBXFileReference; fileEncoding = 4; lastKnownFileType = sourcecode.c.objc; path = HYGlobalParams.m; sourceTree = "<group>"; };
		D4B1299C1DD048D00040432E /* HYUtility.h */ = {isa = PBXFileReference; fileEncoding = 4; lastKnownFileType = sourcecode.c.h; path = HYUtility.h; sourceTree = "<group>"; };
		D4B1299D1DD048D00040432E /* HYUtility.m */ = {isa = PBXFileReference; fileEncoding = 4; lastKnownFileType = sourcecode.c.objc; path = HYUtility.m; sourceTree = "<group>"; };
		D4B1299F1DD050FE0040432E /* HYMainTabBarViewController.h */ = {isa = PBXFileReference; fileEncoding = 4; lastKnownFileType = sourcecode.c.h; path = HYMainTabBarViewController.h; sourceTree = "<group>"; };
		D4B129A01DD050FE0040432E /* HYMainTabBarViewController.m */ = {isa = PBXFileReference; fileEncoding = 4; lastKnownFileType = sourcecode.c.objc; path = HYMainTabBarViewController.m; sourceTree = "<group>"; };
		D4B129A71DD057C60040432E /* UIView+Extension.h */ = {isa = PBXFileReference; fileEncoding = 4; lastKnownFileType = sourcecode.c.h; path = "UIView+Extension.h"; sourceTree = "<group>"; };
		D4B129A81DD057C60040432E /* UIView+Extension.m */ = {isa = PBXFileReference; fileEncoding = 4; lastKnownFileType = sourcecode.c.objc; path = "UIView+Extension.m"; sourceTree = "<group>"; };
		D4B129DE1DD08A340040432E /* icon@2x.png */ = {isa = PBXFileReference; lastKnownFileType = image.png; path = "icon@2x.png"; sourceTree = "<group>"; };
		D4B129DF1DD08A340040432E /* login_bg@2x.png */ = {isa = PBXFileReference; lastKnownFileType = image.png; path = "login_bg@2x.png"; sourceTree = "<group>"; };
		D4F58C9C1DD2F17900FD1D09 /* main.storyboard */ = {isa = PBXFileReference; fileEncoding = 4; lastKnownFileType = file.storyboard; path = main.storyboard; sourceTree = "<group>"; };
		D4F58C9E1DD2F22200FD1D09 /* HYMainTableViewController.h */ = {isa = PBXFileReference; fileEncoding = 4; lastKnownFileType = sourcecode.c.h; path = HYMainTableViewController.h; sourceTree = "<group>"; };
		D4F58C9F1DD2F22200FD1D09 /* HYMainTableViewController.m */ = {isa = PBXFileReference; fileEncoding = 4; lastKnownFileType = sourcecode.c.objc; path = HYMainTableViewController.m; sourceTree = "<group>"; };
		D4F58CA11DD2F23D00FD1D09 /* message.storyboard */ = {isa = PBXFileReference; fileEncoding = 4; lastKnownFileType = file.storyboard; path = message.storyboard; sourceTree = "<group>"; };
		D4F58CA31DD2F25600FD1D09 /* HYMessageViewController.h */ = {isa = PBXFileReference; fileEncoding = 4; lastKnownFileType = sourcecode.c.h; path = HYMessageViewController.h; sourceTree = "<group>"; };
		D4F58CA41DD2F25600FD1D09 /* HYMessageViewController.m */ = {isa = PBXFileReference; fileEncoding = 4; lastKnownFileType = sourcecode.c.objc; path = HYMessageViewController.m; sourceTree = "<group>"; };
		D4F58CA71DD2F5BA00FD1D09 /* ab_sel@2x.png */ = {isa = PBXFileReference; lastKnownFileType = image.png; path = "ab_sel@2x.png"; sourceTree = "<group>"; };
		D4F58CA81DD2F5BA00FD1D09 /* ab_unsel@2x.png */ = {isa = PBXFileReference; lastKnownFileType = image.png; path = "ab_unsel@2x.png"; sourceTree = "<group>"; };
		D4F58CA91DD2F5BA00FD1D09 /* call_sel@2x.png */ = {isa = PBXFileReference; lastKnownFileType = image.png; path = "call_sel@2x.png"; sourceTree = "<group>"; };
		D4F58CAA1DD2F5BA00FD1D09 /* call_unsel@2x.png */ = {isa = PBXFileReference; lastKnownFileType = image.png; path = "call_unsel@2x.png"; sourceTree = "<group>"; };
		D4F58CAB1DD2F5BA00FD1D09 /* message_sel@2x.png */ = {isa = PBXFileReference; lastKnownFileType = image.png; path = "message_sel@2x.png"; sourceTree = "<group>"; };
		D4F58CAC1DD2F5BA00FD1D09 /* message_unsel@2x.png */ = {isa = PBXFileReference; lastKnownFileType = image.png; path = "message_unsel@2x.png"; sourceTree = "<group>"; };
		D4F58CAD1DD2F5BA00FD1D09 /* my_sel@2x.png */ = {isa = PBXFileReference; lastKnownFileType = image.png; path = "my_sel@2x.png"; sourceTree = "<group>"; };
		D4F58CAE1DD2F5BA00FD1D09 /* my_unsel@2x.png */ = {isa = PBXFileReference; lastKnownFileType = image.png; path = "my_unsel@2x.png"; sourceTree = "<group>"; };
		D4F58CAF1DD2F5BA00FD1D09 /* work_sel@2x.png */ = {isa = PBXFileReference; lastKnownFileType = image.png; path = "work_sel@2x.png"; sourceTree = "<group>"; };
		D4F58CB01DD2F5BA00FD1D09 /* work_unsel@2x.png */ = {isa = PBXFileReference; lastKnownFileType = image.png; path = "work_unsel@2x.png"; sourceTree = "<group>"; };
		D4F58CC41DD2FEEF00FD1D09 /* navbar_bg.png */ = {isa = PBXFileReference; lastKnownFileType = image.png; path = navbar_bg.png; sourceTree = "<group>"; };
		D4F58CC51DD2FEEF00FD1D09 /* navbar_bg@2x.png */ = {isa = PBXFileReference; lastKnownFileType = image.png; path = "navbar_bg@2x.png"; sourceTree = "<group>"; };
		D4F58CC91DD3009C00FD1D09 /* work.storyboard */ = {isa = PBXFileReference; fileEncoding = 4; lastKnownFileType = file.storyboard; path = work.storyboard; sourceTree = "<group>"; };
		D4F58CCE1DD313FE00FD1D09 /* HYMeIndexCell.h */ = {isa = PBXFileReference; fileEncoding = 4; lastKnownFileType = sourcecode.c.h; path = HYMeIndexCell.h; sourceTree = "<group>"; };
		D4F58CCF1DD313FE00FD1D09 /* HYMeIndexCell.m */ = {isa = PBXFileReference; fileEncoding = 4; lastKnownFileType = sourcecode.c.objc; path = HYMeIndexCell.m; sourceTree = "<group>"; };
		D4F58CD21DD315CB00FD1D09 /* my_aboutus@2x.png */ = {isa = PBXFileReference; lastKnownFileType = image.png; path = "my_aboutus@2x.png"; sourceTree = "<group>"; };
		D4F58CD31DD315CB00FD1D09 /* my_image@2x.png */ = {isa = PBXFileReference; lastKnownFileType = image.png; path = "my_image@2x.png"; sourceTree = "<group>"; };
		D4F58CD41DD315CB00FD1D09 /* my_notification@2x.png */ = {isa = PBXFileReference; lastKnownFileType = image.png; path = "my_notification@2x.png"; sourceTree = "<group>"; };
		D4F58CD51DD315CB00FD1D09 /* my_password@2x.png */ = {isa = PBXFileReference; lastKnownFileType = image.png; path = "my_password@2x.png"; sourceTree = "<group>"; };
		D4F58CD61DD315CB00FD1D09 /* my_version@2x.png */ = {isa = PBXFileReference; lastKnownFileType = image.png; path = "my_version@2x.png"; sourceTree = "<group>"; };
		D4F58CD71DD315CB00FD1D09 /* my_ykt@2x.png */ = {isa = PBXFileReference; lastKnownFileType = image.png; path = "my_ykt@2x.png"; sourceTree = "<group>"; };
/* End PBXFileReference section */

/* Begin PBXFrameworksBuildPhase section */
		D4B1294D1DD02CA80040432E /* Frameworks */ = {
			isa = PBXFrameworksBuildPhase;
			buildActionMask = 2147483647;
			files = (
			);
			runOnlyForDeploymentPostprocessing = 0;
		};
/* End PBXFrameworksBuildPhase section */

/* Begin PBXGroup section */
		D4B129471DD02CA80040432E = {
			isa = PBXGroup;
			children = (
				D4F58CC81DD3009C00FD1D09 /* Work */,
				D4B129951DD043DB0040432E /* utils */,
				D4B1297A1DD031BB0040432E /* Main */,
				D4B1297B1DD031BB0040432E /* Me */,
				D4B1297F1DD031BB0040432E /* Message */,
				D4B129781DD031740040432E /* res */,
				D4B129521DD02CA80040432E /* HappyYoga */,
				D4B129511DD02CA80040432E /* Products */,
			);
			sourceTree = "<group>";
		};
		D4B129511DD02CA80040432E /* Products */ = {
			isa = PBXGroup;
			children = (
				D4B129501DD02CA80040432E /* HappyYoga.app */,
			);
			name = Products;
			sourceTree = "<group>";
		};
		D4B129521DD02CA80040432E /* HappyYoga */ = {
			isa = PBXGroup;
			children = (
				D4B129561DD02CA80040432E /* AppDelegate.h */,
				D4B129571DD02CA80040432E /* AppDelegate.m */,
				D4B1295C1DD02CA80040432E /* Main.storyboard */,
				D4B129621DD02CA80040432E /* Assets.xcassets */,
				D4B129641DD02CA80040432E /* LaunchScreen.storyboard */,
				D4B129671DD02CA80040432E /* Info.plist */,
				D4B1295F1DD02CA80040432E /* HappyYoga.xcdatamodeld */,
				D4B129891DD0333D0040432E /* HYWizardViewController.h */,
				D4B1298A1DD0333D0040432E /* HYWizardViewController.m */,
				D4B1298C1DD0343A0040432E /* HYLoginViewController.h */,
				D4B1298D1DD0343A0040432E /* HYLoginViewController.m */,
				D4B129921DD03F780040432E /* HYMainViewController.h */,
				D4B129931DD03F780040432E /* HYMainViewController.m */,
				D4B129981DD0447D0040432E /* HYGlobal.h */,
				D4B129991DD044BC0040432E /* HYGlobalParams.h */,
				D4B1299A1DD044BC0040432E /* HYGlobalParams.m */,
				D4B1299F1DD050FE0040432E /* HYMainTabBarViewController.h */,
				D4B129A01DD050FE0040432E /* HYMainTabBarViewController.m */,
				D4B129531DD02CA80040432E /* Supporting Files */,
			);
			path = HappyYoga;
			sourceTree = "<group>";
		};
		D4B129531DD02CA80040432E /* Supporting Files */ = {
			isa = PBXGroup;
			children = (
				D4B129541DD02CA80040432E /* main.m */,
			);
			name = "Supporting Files";
			sourceTree = "<group>";
		};
		D4B129781DD031740040432E /* res */ = {
			isa = PBXGroup;
			children = (
				D4B129791DD031740040432E /* img */,
			);
			path = res;
			sourceTree = "<group>";
		};
		D4B129791DD031740040432E /* img */ = {
			isa = PBXGroup;
			children = (
				D4F58CD11DD315CB00FD1D09 /* my */,
				D4F58CA61DD2F5BA00FD1D09 /* tabbar */,
				D4B129DD1DD08A340040432E /* login */,
				D4B129821DD031E30040432E /* Common */,
			);
			path = img;
			sourceTree = "<group>";
		};
		D4B1297A1DD031BB0040432E /* Main */ = {
			isa = PBXGroup;
			children = (
				D4F58C9C1DD2F17900FD1D09 /* main.storyboard */,
				D4F58C9E1DD2F22200FD1D09 /* HYMainTableViewController.h */,
				D4F58C9F1DD2F22200FD1D09 /* HYMainTableViewController.m */,
			);
			path = Main;
			sourceTree = "<group>";
		};
		D4B1297B1DD031BB0040432E /* Me */ = {
			isa = PBXGroup;
			children = (
				D4B1297C1DD031BB0040432E /* HYMeViewController.h */,
				D4B1297D1DD031BB0040432E /* HYMeViewController.m */,
				D4B1297E1DD031BB0040432E /* me.storyboard */,
				D4F58CCE1DD313FE00FD1D09 /* HYMeIndexCell.h */,
				D4F58CCF1DD313FE00FD1D09 /* HYMeIndexCell.m */,
			);
			path = Me;
			sourceTree = "<group>";
		};
		D4B1297F1DD031BB0040432E /* Message */ = {
			isa = PBXGroup;
			children = (
				D4F58CA11DD2F23D00FD1D09 /* message.storyboard */,
				D4F58CA31DD2F25600FD1D09 /* HYMessageViewController.h */,
				D4F58CA41DD2F25600FD1D09 /* HYMessageViewController.m */,
			);
			path = Message;
			sourceTree = "<group>";
		};
		D4B129821DD031E30040432E /* Common */ = {
			isa = PBXGroup;
			children = (
				D4B129831DD032180040432E /* launchImage.png */,
				D4B129841DD032180040432E /* launchImage@2x.png */,
				D4B129851DD032180040432E /* launchImage@3x.png */,
			);
			path = Common;
			sourceTree = "<group>";
		};
		D4B129951DD043DB0040432E /* utils */ = {
			isa = PBXGroup;
			children = (
				D4B129A21DD056500040432E /* extension */,
				D4B129961DD043DB0040432E /* common */,
				D4B129971DD043DB0040432E /* data */,
			);
			path = utils;
			sourceTree = "<group>";
		};
		D4B129961DD043DB0040432E /* common */ = {
			isa = PBXGroup;
			children = (
				D4B1299C1DD048D00040432E /* HYUtility.h */,
				D4B1299D1DD048D00040432E /* HYUtility.m */,
			);
			path = common;
			sourceTree = "<group>";
		};
		D4B129971DD043DB0040432E /* data */ = {
			isa = PBXGroup;
			children = (
			);
			path = data;
			sourceTree = "<group>";
		};
		D4B129A21DD056500040432E /* extension */ = {
			isa = PBXGroup;
			children = (
				D4B129A71DD057C60040432E /* UIView+Extension.h */,
				D4B129A81DD057C60040432E /* UIView+Extension.m */,
			);
			path = extension;
			sourceTree = "<group>";
		};
		D4B129DD1DD08A340040432E /* login */ = {
			isa = PBXGroup;
			children = (
				D4B129DE1DD08A340040432E /* icon@2x.png */,
				D4B129DF1DD08A340040432E /* login_bg@2x.png */,
			);
			path = login;
			sourceTree = "<group>";
		};
		D4F58CA61DD2F5BA00FD1D09 /* tabbar */ = {
			isa = PBXGroup;
			children = (
				D4F58CC41DD2FEEF00FD1D09 /* navbar_bg.png */,
				D4F58CC51DD2FEEF00FD1D09 /* navbar_bg@2x.png */,
				D4F58CA71DD2F5BA00FD1D09 /* ab_sel@2x.png */,
				D4F58CA81DD2F5BA00FD1D09 /* ab_unsel@2x.png */,
				D4F58CA91DD2F5BA00FD1D09 /* call_sel@2x.png */,
				D4F58CAA1DD2F5BA00FD1D09 /* call_unsel@2x.png */,
				D4F58CAB1DD2F5BA00FD1D09 /* message_sel@2x.png */,
				D4F58CAC1DD2F5BA00FD1D09 /* message_unsel@2x.png */,
				D4F58CAD1DD2F5BA00FD1D09 /* my_sel@2x.png */,
				D4F58CAE1DD2F5BA00FD1D09 /* my_unsel@2x.png */,
				D4F58CAF1DD2F5BA00FD1D09 /* work_sel@2x.png */,
				D4F58CB01DD2F5BA00FD1D09 /* work_unsel@2x.png */,
			);
			path = tabbar;
			sourceTree = "<group>";
		};
		D4F58CC81DD3009C00FD1D09 /* Work */ = {
			isa = PBXGroup;
			children = (
				D4F58CC91DD3009C00FD1D09 /* work.storyboard */,
			);
			path = Work;
			sourceTree = "<group>";
		};
		D4F58CD11DD315CB00FD1D09 /* my */ = {
			isa = PBXGroup;
			children = (
				D4F58CD21DD315CB00FD1D09 /* my_aboutus@2x.png */,
				D4F58CD31DD315CB00FD1D09 /* my_image@2x.png */,
				D4F58CD41DD315CB00FD1D09 /* my_notification@2x.png */,
				D4F58CD51DD315CB00FD1D09 /* my_password@2x.png */,
				D4F58CD61DD315CB00FD1D09 /* my_version@2x.png */,
				D4F58CD71DD315CB00FD1D09 /* my_ykt@2x.png */,
			);
			path = my;
			sourceTree = "<group>";
		};
/* End PBXGroup section */

/* Begin PBXNativeTarget section */
		D4B1294F1DD02CA80040432E /* HappyYoga */ = {
			isa = PBXNativeTarget;
			buildConfigurationList = D4B1296A1DD02CA80040432E /* Build configuration list for PBXNativeTarget "HappyYoga" */;
			buildPhases = (
				D4B1294C1DD02CA80040432E /* Sources */,
				D4B1294D1DD02CA80040432E /* Frameworks */,
				D4B1294E1DD02CA80040432E /* Resources */,
			);
			buildRules = (
			);
			dependencies = (
			);
			name = HappyYoga;
			productName = HappyYoga;
			productReference = D4B129501DD02CA80040432E /* HappyYoga.app */;
			productType = "com.apple.product-type.application";
		};
/* End PBXNativeTarget section */

/* Begin PBXProject section */
		D4B129481DD02CA80040432E /* Project object */ = {
			isa = PBXProject;
			attributes = {
				LastUpgradeCheck = 0800;
				ORGANIZATIONNAME = "龍情雪心";
				TargetAttributes = {
					D4B1294F1DD02CA80040432E = {
						CreatedOnToolsVersion = 8.0;
						DevelopmentTeam = CE33GPRE9F;
						ProvisioningStyle = Automatic;
					};
				};
			};
			buildConfigurationList = D4B1294B1DD02CA80040432E /* Build configuration list for PBXProject "HappyYoga" */;
			compatibilityVersion = "Xcode 3.2";
			developmentRegion = English;
			hasScannedForEncodings = 0;
			knownRegions = (
				en,
				Base,
			);
			mainGroup = D4B129471DD02CA80040432E;
			productRefGroup = D4B129511DD02CA80040432E /* Products */;
			projectDirPath = "";
			projectRoot = "";
			targets = (
				D4B1294F1DD02CA80040432E /* HappyYoga */,
			);
		};
/* End PBXProject section */

/* Begin PBXResourcesBuildPhase section */
		D4B1294E1DD02CA80040432E /* Resources */ = {
			isa = PBXResourcesBuildPhase;
			buildActionMask = 2147483647;
			files = (
				D4F58CC61DD2FEEF00FD1D09 /* navbar_bg.png in Resources */,
				D4B129861DD032180040432E /* launchImage.png in Resources */,
				D4F58CBA1DD2F5BA00FD1D09 /* work_unsel@2x.png in Resources */,
				D4B129E01DD08A340040432E /* icon@2x.png in Resources */,
				D4F58CD91DD315CB00FD1D09 /* my_image@2x.png in Resources */,
				D4F58CB21DD2F5BA00FD1D09 /* ab_unsel@2x.png in Resources */,
				D4F58CD81DD315CB00FD1D09 /* my_aboutus@2x.png in Resources */,
				D4B129E11DD08A340040432E /* login_bg@2x.png in Resources */,
				D4F58CB61DD2F5BA00FD1D09 /* message_unsel@2x.png in Resources */,
				D4F58CC71DD2FEEF00FD1D09 /* navbar_bg@2x.png in Resources */,
				D4B129881DD032180040432E /* launchImage@3x.png in Resources */,
				D4F58CCA1DD3009C00FD1D09 /* work.storyboard in Resources */,
				D4F58CB41DD2F5BA00FD1D09 /* call_unsel@2x.png in Resources */,
				D4B129871DD032180040432E /* launchImage@2x.png in Resources */,
				D4F58CB51DD2F5BA00FD1D09 /* message_sel@2x.png in Resources */,
				D4F58C9D1DD2F17900FD1D09 /* main.storyboard in Resources */,
				D4F58CB91DD2F5BA00FD1D09 /* work_sel@2x.png in Resources */,
				D4F58CB31DD2F5BA00FD1D09 /* call_sel@2x.png in Resources */,
				D4B129661DD02CA80040432E /* LaunchScreen.storyboard in Resources */,
				D4F58CDB1DD315CB00FD1D09 /* my_password@2x.png in Resources */,
				D4F58CDC1DD315CB00FD1D09 /* my_version@2x.png in Resources */,
				D4F58CB81DD2F5BA00FD1D09 /* my_unsel@2x.png in Resources */,
				D4F58CA21DD2F23D00FD1D09 /* message.storyboard in Resources */,
				D4F58CDD1DD315CB00FD1D09 /* my_ykt@2x.png in Resources */,
				D4F58CB11DD2F5BA00FD1D09 /* ab_sel@2x.png in Resources */,
				D4B129631DD02CA80040432E /* Assets.xcassets in Resources */,
				D4F58CB71DD2F5BA00FD1D09 /* my_sel@2x.png in Resources */,
				D4F58CDA1DD315CB00FD1D09 /* my_notification@2x.png in Resources */,
				D4B129811DD031BB0040432E /* me.storyboard in Resources */,
				D4B1295E1DD02CA80040432E /* Main.storyboard in Resources */,
			);
			runOnlyForDeploymentPostprocessing = 0;
		};
/* End PBXResourcesBuildPhase section */

/* Begin PBXSourcesBuildPhase section */
		D4B1294C1DD02CA80040432E /* Sources */ = {
			isa = PBXSourcesBuildPhase;
			buildActionMask = 2147483647;
			files = (
				D4F58CA51DD2F25600FD1D09 /* HYMessageViewController.m in Sources */,
				D4B1298B1DD0333D0040432E /* HYWizardViewController.m in Sources */,
				D4B1299B1DD044BC0040432E /* HYGlobalParams.m in Sources */,
				D4B129A91DD057C60040432E /* UIView+Extension.m in Sources */,
				D4B129611DD02CA80040432E /* HappyYoga.xcdatamodeld in Sources */,
				D4B1298E1DD0343A0040432E /* HYLoginViewController.m in Sources */,
				D4B129581DD02CA80040432E /* AppDelegate.m in Sources */,
				D4B129941DD03F780040432E /* HYMainViewController.m in Sources */,
				D4B129551DD02CA80040432E /* main.m in Sources */,
				D4B129A11DD050FE0040432E /* HYMainTabBarViewController.m in Sources */,
				D4B1299E1DD048D00040432E /* HYUtility.m in Sources */,
				D4B129801DD031BB0040432E /* HYMeViewController.m in Sources */,
				D4F58CA01DD2F22200FD1D09 /* HYMainTableViewController.m in Sources */,
				D4F58CD01DD313FE00FD1D09 /* HYMeIndexCell.m in Sources */,
			);
			runOnlyForDeploymentPostprocessing = 0;
		};
/* End PBXSourcesBuildPhase section */

/* Begin PBXVariantGroup section */
		D4B1295C1DD02CA80040432E /* Main.storyboard */ = {
			isa = PBXVariantGroup;
			children = (
				D4B1295D1DD02CA80040432E /* Base */,
			);
			name = Main.storyboard;
			sourceTree = "<group>";
		};
		D4B129641DD02CA80040432E /* LaunchScreen.storyboard */ = {
			isa = PBXVariantGroup;
			children = (
				D4B129651DD02CA80040432E /* Base */,
			);
			name = LaunchScreen.storyboard;
			sourceTree = "<group>";
		};
/* End PBXVariantGroup section */

/* Begin XCBuildConfiguration section */
		D4B129681DD02CA80040432E /* Debug */ = {
			isa = XCBuildConfiguration;
			buildSettings = {
				ALWAYS_SEARCH_USER_PATHS = NO;
				CLANG_ANALYZER_NONNULL = YES;
				CLANG_CXX_LANGUAGE_STANDARD = "gnu++0x";
				CLANG_CXX_LIBRARY = "libc++";
				CLANG_ENABLE_MODULES = YES;
				CLANG_ENABLE_OBJC_ARC = YES;
				CLANG_WARN_BOOL_CONVERSION = YES;
				CLANG_WARN_CONSTANT_CONVERSION = YES;
				CLANG_WARN_DIRECT_OBJC_ISA_USAGE = YES_ERROR;
				CLANG_WARN_DOCUMENTATION_COMMENTS = YES;
				CLANG_WARN_EMPTY_BODY = YES;
				CLANG_WARN_ENUM_CONVERSION = YES;
				CLANG_WARN_INFINITE_RECURSION = YES;
				CLANG_WARN_INT_CONVERSION = YES;
				CLANG_WARN_OBJC_ROOT_CLASS = YES_ERROR;
				CLANG_WARN_SUSPICIOUS_MOVES = YES;
				CLANG_WARN_UNREACHABLE_CODE = YES;
				CLANG_WARN__DUPLICATE_METHOD_MATCH = YES;
				"CODE_SIGN_IDENTITY[sdk=iphoneos*]" = "iPhone Developer";
				COPY_PHASE_STRIP = NO;
				DEBUG_INFORMATION_FORMAT = dwarf;
				ENABLE_STRICT_OBJC_MSGSEND = YES;
				ENABLE_TESTABILITY = YES;
				GCC_C_LANGUAGE_STANDARD = gnu99;
				GCC_DYNAMIC_NO_PIC = NO;
				GCC_NO_COMMON_BLOCKS = YES;
				GCC_OPTIMIZATION_LEVEL = 0;
				GCC_PREPROCESSOR_DEFINITIONS = (
					"DEBUG=1",
					"$(inherited)",
				);
				GCC_WARN_64_TO_32_BIT_CONVERSION = YES;
				GCC_WARN_ABOUT_RETURN_TYPE = YES_ERROR;
				GCC_WARN_UNDECLARED_SELECTOR = YES;
				GCC_WARN_UNINITIALIZED_AUTOS = YES_AGGRESSIVE;
				GCC_WARN_UNUSED_FUNCTION = YES;
				GCC_WARN_UNUSED_VARIABLE = YES;
				IPHONEOS_DEPLOYMENT_TARGET = 10.0;
				MTL_ENABLE_DEBUG_INFO = YES;
				ONLY_ACTIVE_ARCH = YES;
				SDKROOT = iphoneos;
			};
			name = Debug;
		};
		D4B129691DD02CA80040432E /* Release */ = {
			isa = XCBuildConfiguration;
			buildSettings = {
				ALWAYS_SEARCH_USER_PATHS = NO;
				CLANG_ANALYZER_NONNULL = YES;
				CLANG_CXX_LANGUAGE_STANDARD = "gnu++0x";
				CLANG_CXX_LIBRARY = "libc++";
				CLANG_ENABLE_MODULES = YES;
				CLANG_ENABLE_OBJC_ARC = YES;
				CLANG_WARN_BOOL_CONVERSION = YES;
				CLANG_WARN_CONSTANT_CONVERSION = YES;
				CLANG_WARN_DIRECT_OBJC_ISA_USAGE = YES_ERROR;
				CLANG_WARN_DOCUMENTATION_COMMENTS = YES;
				CLANG_WARN_EMPTY_BODY = YES;
				CLANG_WARN_ENUM_CONVERSION = YES;
				CLANG_WARN_INFINITE_RECURSION = YES;
				CLANG_WARN_INT_CONVERSION = YES;
				CLANG_WARN_OBJC_ROOT_CLASS = YES_ERROR;
				CLANG_WARN_SUSPICIOUS_MOVES = YES;
				CLANG_WARN_UNREACHABLE_CODE = YES;
				CLANG_WARN__DUPLICATE_METHOD_MATCH = YES;
				"CODE_SIGN_IDENTITY[sdk=iphoneos*]" = "iPhone Developer";
				COPY_PHASE_STRIP = NO;
				DEBUG_INFORMATION_FORMAT = "dwarf-with-dsym";
				ENABLE_NS_ASSERTIONS = NO;
				ENABLE_STRICT_OBJC_MSGSEND = YES;
				GCC_C_LANGUAGE_STANDARD = gnu99;
				GCC_NO_COMMON_BLOCKS = YES;
				GCC_WARN_64_TO_32_BIT_CONVERSION = YES;
				GCC_WARN_ABOUT_RETURN_TYPE = YES_ERROR;
				GCC_WARN_UNDECLARED_SELECTOR = YES;
				GCC_WARN_UNINITIALIZED_AUTOS = YES_AGGRESSIVE;
				GCC_WARN_UNUSED_FUNCTION = YES;
				GCC_WARN_UNUSED_VARIABLE = YES;
				IPHONEOS_DEPLOYMENT_TARGET = 10.0;
				MTL_ENABLE_DEBUG_INFO = NO;
				SDKROOT = iphoneos;
				VALIDATE_PRODUCT = YES;
			};
			name = Release;
		};
		D4B1296B1DD02CA80040432E /* Debug */ = {
			isa = XCBuildConfiguration;
			buildSettings = {
				ASSETCATALOG_COMPILER_APPICON_NAME = AppIcon;
				DEVELOPMENT_TEAM = CE33GPRE9F;
				INFOPLIST_FILE = HappyYoga/Info.plist;
				IPHONEOS_DEPLOYMENT_TARGET = 8.0;
				LD_RUNPATH_SEARCH_PATHS = "$(inherited) @executable_path/Frameworks";
				PRODUCT_BUNDLE_IDENTIFIER = MyiOSFuncList.HappyYoga;
				PRODUCT_NAME = "$(TARGET_NAME)";
			};
			name = Debug;
		};
		D4B1296C1DD02CA80040432E /* Release */ = {
			isa = XCBuildConfiguration;
			buildSettings = {
				ASSETCATALOG_COMPILER_APPICON_NAME = AppIcon;
				DEVELOPMENT_TEAM = CE33GPRE9F;
				INFOPLIST_FILE = HappyYoga/Info.plist;
				IPHONEOS_DEPLOYMENT_TARGET = 8.0;
				LD_RUNPATH_SEARCH_PATHS = "$(inherited) @executable_path/Frameworks";
				PRODUCT_BUNDLE_IDENTIFIER = MyiOSFuncList.HappyYoga;
				PRODUCT_NAME = "$(TARGET_NAME)";
			};
			name = Release;
		};
/* End XCBuildConfiguration section */

/* Begin XCConfigurationList section */
		D4B1294B1DD02CA80040432E /* Build configuration list for PBXProject "HappyYoga" */ = {
			isa = XCConfigurationList;
			buildConfigurations = (
				D4B129681DD02CA80040432E /* Debug */,
				D4B129691DD02CA80040432E /* Release */,
			);
			defaultConfigurationIsVisible = 0;
			defaultConfigurationName = Release;
		};
		D4B1296A1DD02CA80040432E /* Build configuration list for PBXNativeTarget "HappyYoga" */ = {
			isa = XCConfigurationList;
			buildConfigurations = (
				D4B1296B1DD02CA80040432E /* Debug */,
				D4B1296C1DD02CA80040432E /* Release */,
			);
			defaultConfigurationIsVisible = 0;
			defaultConfigurationName = Release;
		};
/* End XCConfigurationList section */

/* Begin XCVersionGroup section */
		D4B1295F1DD02CA80040432E /* HappyYoga.xcdatamodeld */ = {
			isa = XCVersionGroup;
			children = (
				D4B129601DD02CA80040432E /* HappyYoga.xcdatamodel */,
			);
			currentVersion = D4B129601DD02CA80040432E /* HappyYoga.xcdatamodel */;
			path = HappyYoga.xcdatamodeld;
			sourceTree = "<group>";
			versionGroupType = wrapper.xcdatamodel;
		};
/* End XCVersionGroup section */
	};
	rootObject = D4B129481DD02CA80040432E /* Project object */;
}
